
Microsoft Visual Studio Solution File, Format Version 12.00
# Visual Studio Version 17
VisualStudioVersion = 17.10.35027.167
MinimumVisualStudioVersion = 10.0.40219.1
Project("{FAE04EC0-301F-11D3-BF4B-00C04F79EFBC}") = "YomProject", "YomProject\YomProject.csproj", "{EEF7E951-CD34-476F-A64A-A410041586A9}"
EndProject
Global
	GlobalSection(SolutionConfigurationPlatforms) = preSolution
		Debug|Any CPU = Debug|Any CPU
		Release|Any CPU = Release|Any CPU
	EndGlobalSection
	GlobalSection(ProjectConfigurationPlatforms) = postSolution
		{EEF7E951-CD34-476F-A64A-A410041586A9}.Debug|Any CPU.ActiveCfg = Debug|Any CPU
		{EEF7E951-CD34-476F-A64A-A410041586A9}.Debug|Any CPU.Build.0 = Debug|Any CPU
		{EEF7E951-CD34-476F-A64A-A410041586A9}.Release|Any CPU.ActiveCfg = Release|Any CPU
		{EEF7E951-CD34-476F-A64A-A410041586A9}.Release|Any CPU.Build.0 = Release|Any CPU
	EndGlobalSection
	GlobalSection(SolutionProperties) = preSolution
		HideSolutionNode = FALSE
	EndGlobalSection
	GlobalSection(ExtensibilityGlobals) = postSolution
		SolutionGuid = {F2C59D14-632F-480A-80FD-CC68335F4CBE}
	EndGlobalSection
EndGlobal
